
Microsoft Visual Studio Solution File, Format Version 12.00
# Visual Studio Version 16
VisualStudioVersion = 16.0.31702.278
MinimumVisualStudioVersion = 10.0.40219.1
Project("{FAE04EC0-301F-11D3-BF4B-00C04F79EFBC}") = "Lab5_Task1", "Lab_5\Lab5_Task1.csproj", "{0768C1B5-4E2E-4584-AD1B-68949371D703}"
EndProject
Project("{FAE04EC0-301F-11D3-BF4B-00C04F79EFBC}") = "Lab5_Task2", "Lab5_Task2\Lab5_Task2.csproj", "{FD99A28B-AEF0-49BB-9D9D-046EBE8FCCE0}"
EndProject
Project("{FAE04EC0-301F-11D3-BF4B-00C04F79EFBC}") = "Lab5_Task3", "Lab5_Task3\Lab5_Task3.csproj", "{CA17C3F1-6984-478B-9529-C6FFBADC25EC}"
EndProject
Project("{FAE04EC0-301F-11D3-BF4B-00C04F79EFBC}") = "Lab5_Task4", "Lab5_Task4\Lab5_Task4.csproj", "{834F7298-ED53-49F2-8E62-35007E700D12}"
EndProject
Project("{FAE04EC0-301F-11D3-BF4B-00C04F79EFBC}") = "Lab5_Task5", "Lab5_Task5\Lab5_Task5.csproj", "{769AA01A-157A-498E-821B-6E215B8B111D}"
EndProject
Project("{FAE04EC0-301F-11D3-BF4B-00C04F79EFBC}") = "Lab5_Task6", "Lab5_Task6\Lab5_Task6.csproj", "{C51E5F02-EF60-49AD-AD72-7C45FC5A2A23}"
EndProject
Global
	GlobalSection(SolutionConfigurationPlatforms) = preSolution
		Debug|Any CPU = Debug|Any CPU
		Release|Any CPU = Release|Any CPU
	EndGlobalSection
	GlobalSection(ProjectConfigurationPlatforms) = postSolution
		{0768C1B5-4E2E-4584-AD1B-68949371D703}.Debug|Any CPU.ActiveCfg = Debug|Any CPU
		{0768C1B5-4E2E-4584-AD1B-68949371D703}.Debug|Any CPU.Build.0 = Debug|Any CPU
		{0768C1B5-4E2E-4584-AD1B-68949371D703}.Release|Any CPU.ActiveCfg = Release|Any CPU
		{0768C1B5-4E2E-4584-AD1B-68949371D703}.Release|Any CPU.Build.0 = Release|Any CPU
		{FD99A28B-AEF0-49BB-9D9D-046EBE8FCCE0}.Debug|Any CPU.ActiveCfg = Debug|Any CPU
		{FD99A28B-AEF0-49BB-9D9D-046EBE8FCCE0}.Debug|Any CPU.Build.0 = Debug|Any CPU
		{FD99A28B-AEF0-49BB-9D9D-046EBE8FCCE0}.Release|Any CPU.ActiveCfg = Release|Any CPU
		{FD99A28B-AEF0-49BB-9D9D-046EBE8FCCE0}.Release|Any CPU.Build.0 = Release|Any CPU
		{CA17C3F1-6984-478B-9529-C6FFBADC25EC}.Debug|Any CPU.ActiveCfg = Debug|Any CPU
		{CA17C3F1-6984-478B-9529-C6FFBADC25EC}.Debug|Any CPU.Build.0 = Debug|Any CPU
		{CA17C3F1-6984-478B-9529-C6FFBADC25EC}.Release|Any CPU.ActiveCfg = Release|Any CPU
		{CA17C3F1-6984-478B-9529-C6FFBADC25EC}.Release|Any CPU.Build.0 = Release|Any CPU
		{834F7298-ED53-49F2-8E62-35007E700D12}.Debug|Any CPU.ActiveCfg = Debug|Any CPU
		{834F7298-ED53-49F2-8E62-35007E700D12}.Debug|Any CPU.Build.0 = Debug|Any CPU
		{834F7298-ED53-49F2-8E62-35007E700D12}.Release|Any CPU.ActiveCfg = Release|Any CPU
		{834F7298-ED53-49F2-8E62-35007E700D12}.Release|Any CPU.Build.0 = Release|Any CPU
		{769AA01A-157A-498E-821B-6E215B8B111D}.Debug|Any CPU.ActiveCfg = Debug|Any CPU
		{769AA01A-157A-498E-821B-6E215B8B111D}.Debug|Any CPU.Build.0 = Debug|Any CPU
		{769AA01A-157A-498E-821B-6E215B8B111D}.Release|Any CPU.ActiveCfg = Release|Any CPU
		{769AA01A-157A-498E-821B-6E215B8B111D}.Release|Any CPU.Build.0 = Release|Any CPU
		{C51E5F02-EF60-49AD-AD72-7C45FC5A2A23}.Debug|Any CPU.ActiveCfg = Debug|Any CPU
		{C51E5F02-EF60-49AD-AD72-7C45FC5A2A23}.Debug|Any CPU.Build.0 = Debug|Any CPU
		{C51E5F02-EF60-49AD-AD72-7C45FC5A2A23}.Release|Any CPU.ActiveCfg = Release|Any CPU
		{C51E5F02-EF60-49AD-AD72-7C45FC5A2A23}.Release|Any CPU.Build.0 = Release|Any CPU
	EndGlobalSection
	GlobalSection(SolutionProperties) = preSolution
		HideSolutionNode = FALSE
	EndGlobalSection
	GlobalSection(ExtensibilityGlobals) = postSolution
		SolutionGuid = {5B199A05-A486-4CBB-93BD-D8B1FA8EF730}
	EndGlobalSection
EndGlobal
