
Microsoft Visual Studio Solution File, Format Version 12.00
# Visual Studio Version 16
VisualStudioVersion = 16.0.31702.278
MinimumVisualStudioVersion = 10.0.40219.1
Project("{FAE04EC0-301F-11D3-BF4B-00C04F79EFBC}") = "Lab5_Task1", "Lab_5\Lab5_Task1.csproj", "{0768C1B5-4E2E-4584-AD1B-68949371D703}"
EndProject
Project("{FAE04EC0-301F-11D3-BF4B-00C04F79EFBC}") = "Lab5_Task2", "Lab5_Task2\Lab5_Task2.csproj", "{FD99A28B-AEF0-49BB-9D9D-046EBE8FCCE0}"
EndProject
Global
	GlobalSection(SolutionConfigurationPlatforms) = preSolution
		Debug|Any CPU = Debug|Any CPU
		Release|Any CPU = Release|Any CPU
	EndGlobalSection
	GlobalSection(ProjectConfigurationPlatforms) = postSolution
		{0768C1B5-4E2E-4584-AD1B-68949371D703}.Debug|Any CPU.ActiveCfg = Debug|Any CPU
		{0768C1B5-4E2E-4584-AD1B-68949371D703}.Debug|Any CPU.Build.0 = Debug|Any CPU
		{0768C1B5-4E2E-4584-AD1B-68949371D703}.Release|Any CPU.ActiveCfg = Release|Any CPU
		{0768C1B5-4E2E-4584-AD1B-68949371D703}.Release|Any CPU.Build.0 = Release|Any CPU
		{FD99A28B-AEF0-49BB-9D9D-046EBE8FCCE0}.Debug|Any CPU.ActiveCfg = Debug|Any CPU
		{FD99A28B-AEF0-49BB-9D9D-046EBE8FCCE0}.Debug|Any CPU.Build.0 = Debug|Any CPU
		{FD99A28B-AEF0-49BB-9D9D-046EBE8FCCE0}.Release|Any CPU.ActiveCfg = Release|Any CPU
		{FD99A28B-AEF0-49BB-9D9D-046EBE8FCCE0}.Release|Any CPU.Build.0 = Release|Any CPU
	EndGlobalSection
	GlobalSection(SolutionProperties) = preSolution
		HideSolutionNode = FALSE
	EndGlobalSection
	GlobalSection(ExtensibilityGlobals) = postSolution
		SolutionGuid = {5B199A05-A486-4CBB-93BD-D8B1FA8EF730}
	EndGlobalSection
EndGlobal
